
Microsoft Visual Studio Solution File, Format Version 12.00
# Visual Studio Version 17
VisualStudioVersion = 17.2.32526.322
MinimumVisualStudioVersion = 10.0.40219.1
Project("{FAE04EC0-301F-11D3-BF4B-00C04F79EFBC}") = "SectetDedMoroz", "SectetDedMoroz\SectetDedMoroz.csproj", "{C84DCAF0-0DE6-44DE-A5D5-2BAD38B65772}"
EndProject
Project("{FAE04EC0-301F-11D3-BF4B-00C04F79EFBC}") = "SecretDedMorozLibrary", "SecretDedMorozLibrary\SecretDedMorozLibrary.csproj", "{791448C2-6084-46F0-BA63-F69DE5F5CC45}"
EndProject
Global
	GlobalSection(SolutionConfigurationPlatforms) = preSolution
		Debug|Any CPU = Debug|Any CPU
		Release|Any CPU = Release|Any CPU
	EndGlobalSection
	GlobalSection(ProjectConfigurationPlatforms) = postSolution
		{C84DCAF0-0DE6-44DE-A5D5-2BAD38B65772}.Debug|Any CPU.ActiveCfg = Debug|Any CPU
		{C84DCAF0-0DE6-44DE-A5D5-2BAD38B65772}.Debug|Any CPU.Build.0 = Debug|Any CPU
		{C84DCAF0-0DE6-44DE-A5D5-2BAD38B65772}.Release|Any CPU.ActiveCfg = Release|Any CPU
		{C84DCAF0-0DE6-44DE-A5D5-2BAD38B65772}.Release|Any CPU.Build.0 = Release|Any CPU
		{791448C2-6084-46F0-BA63-F69DE5F5CC45}.Debug|Any CPU.ActiveCfg = Debug|Any CPU
		{791448C2-6084-46F0-BA63-F69DE5F5CC45}.Debug|Any CPU.Build.0 = Debug|Any CPU
		{791448C2-6084-46F0-BA63-F69DE5F5CC45}.Release|Any CPU.ActiveCfg = Release|Any CPU
		{791448C2-6084-46F0-BA63-F69DE5F5CC45}.Release|Any CPU.Build.0 = Release|Any CPU
	EndGlobalSection
	GlobalSection(SolutionProperties) = preSolution
		HideSolutionNode = FALSE
	EndGlobalSection
	GlobalSection(ExtensibilityGlobals) = postSolution
		SolutionGuid = {0F19BA8B-5C6D-4046-B4A4-F48291A1046A}
	EndGlobalSection
EndGlobal
